
Microsoft Visual Studio Solution File, Format Version 12.00
# Visual Studio Version 16
VisualStudioVersion = 16.0.31019.35
MinimumVisualStudioVersion = 10.0.40219.1
Project("{2150E333-8FDC-42A3-9474-1A3956D46DE8}") = "Portfolio", "Portfolio", "{F2342490-9C29-488C-A17D-1A94E0461F35}"
EndProject
Project("{9A19103F-16F7-4668-BE54-9A1E7A4F7556}") = "DGP.Architecture.Portfolio", "DGP.Architecture.Portfolio\DGP.Architecture.Portfolio.csproj", "{40F2B8F4-13D6-4FDC-B7B7-EABFE3226E86}"
EndProject
Project("{FAE04EC0-301F-11D3-BF4B-00C04F79EFBC}") = "DGP.Architecture.Portfolio.Application", "DGP.Architecture.Portfolio.Application\DGP.Architecture.Portfolio.Application.csproj", "{33349E39-652B-41A0-A7FC-AAB9A1E18F2B}"
EndProject
Project("{FAE04EC0-301F-11D3-BF4B-00C04F79EFBC}") = "DGP.Architecture.Portfolio.Infrastructure", "DGP.Architecture.Portfolio.Infrastructure\DGP.Architecture.Portfolio.Infrastructure.csproj", "{142F5481-91E9-4DD0-8067-CEDF0650F23E}"
EndProject
Global
	GlobalSection(SolutionConfigurationPlatforms) = preSolution
		Debug|Any CPU = Debug|Any CPU
		Release|Any CPU = Release|Any CPU
	EndGlobalSection
	GlobalSection(ProjectConfigurationPlatforms) = postSolution
		{40F2B8F4-13D6-4FDC-B7B7-EABFE3226E86}.Debug|Any CPU.ActiveCfg = Debug|Any CPU
		{40F2B8F4-13D6-4FDC-B7B7-EABFE3226E86}.Debug|Any CPU.Build.0 = Debug|Any CPU
		{40F2B8F4-13D6-4FDC-B7B7-EABFE3226E86}.Release|Any CPU.ActiveCfg = Release|Any CPU
		{40F2B8F4-13D6-4FDC-B7B7-EABFE3226E86}.Release|Any CPU.Build.0 = Release|Any CPU
		{33349E39-652B-41A0-A7FC-AAB9A1E18F2B}.Debug|Any CPU.ActiveCfg = Debug|Any CPU
		{33349E39-652B-41A0-A7FC-AAB9A1E18F2B}.Debug|Any CPU.Build.0 = Debug|Any CPU
		{33349E39-652B-41A0-A7FC-AAB9A1E18F2B}.Release|Any CPU.ActiveCfg = Release|Any CPU
		{33349E39-652B-41A0-A7FC-AAB9A1E18F2B}.Release|Any CPU.Build.0 = Release|Any CPU
		{142F5481-91E9-4DD0-8067-CEDF0650F23E}.Debug|Any CPU.ActiveCfg = Debug|Any CPU
		{142F5481-91E9-4DD0-8067-CEDF0650F23E}.Debug|Any CPU.Build.0 = Debug|Any CPU
		{142F5481-91E9-4DD0-8067-CEDF0650F23E}.Release|Any CPU.ActiveCfg = Release|Any CPU
		{142F5481-91E9-4DD0-8067-CEDF0650F23E}.Release|Any CPU.Build.0 = Release|Any CPU
	EndGlobalSection
	GlobalSection(SolutionProperties) = preSolution
		HideSolutionNode = FALSE
	EndGlobalSection
	GlobalSection(NestedProjects) = preSolution
		{40F2B8F4-13D6-4FDC-B7B7-EABFE3226E86} = {F2342490-9C29-488C-A17D-1A94E0461F35}
		{33349E39-652B-41A0-A7FC-AAB9A1E18F2B} = {F2342490-9C29-488C-A17D-1A94E0461F35}
		{142F5481-91E9-4DD0-8067-CEDF0650F23E} = {F2342490-9C29-488C-A17D-1A94E0461F35}
	EndGlobalSection
	GlobalSection(ExtensibilityGlobals) = postSolution
		SolutionGuid = {910D772B-085C-4D58-9DCC-BA9804C562BA}
	EndGlobalSection
EndGlobal
